
Microsoft Visual Studio Solution File, Format Version 12.00
# Visual Studio Version 17
VisualStudioVersion = 17.2.32616.157
MinimumVisualStudioVersion = 10.0.40219.1
Project("{FAE04EC0-301F-11D3-BF4B-00C04F79EFBC}") = "EjercicioDePOO_Nico", "EjercicioDePOO_Nico\EjercicioDePOO_Nico.csproj", "{DFDC21E3-2AAF-4EA3-A86D-E991BD763747}"
EndProject
Global
	GlobalSection(SolutionConfigurationPlatforms) = preSolution
		Debug|Any CPU = Debug|Any CPU
		Release|Any CPU = Release|Any CPU
	EndGlobalSection
	GlobalSection(ProjectConfigurationPlatforms) = postSolution
		{DFDC21E3-2AAF-4EA3-A86D-E991BD763747}.Debug|Any CPU.ActiveCfg = Debug|Any CPU
		{DFDC21E3-2AAF-4EA3-A86D-E991BD763747}.Debug|Any CPU.Build.0 = Debug|Any CPU
		{DFDC21E3-2AAF-4EA3-A86D-E991BD763747}.Release|Any CPU.ActiveCfg = Release|Any CPU
		{DFDC21E3-2AAF-4EA3-A86D-E991BD763747}.Release|Any CPU.Build.0 = Release|Any CPU
	EndGlobalSection
	GlobalSection(SolutionProperties) = preSolution
		HideSolutionNode = FALSE
	EndGlobalSection
	GlobalSection(ExtensibilityGlobals) = postSolution
		SolutionGuid = {59B53607-C15B-4801-AA46-D0B239E08C42}
	EndGlobalSection
EndGlobal
